# This file is automatically @generated by Cargo.
# It is not intended for manual editing.
version = 4

[[package]]
name = "bytes"
version = "1.12.0"
source = "registry+https://github.com/rust-lang/crates.io-index"
checksum = "8ae3f5d315924270530207e2a68396c3cc547f6dca3fbdca317cfb1a51edb593"

[[package]]
name = "mqttbytes"
version = "0.6.0"
source = "registry+https://github.com/rust-lang/crates.io-index"
checksum = "a7bd39d24e28e1544d74ff5746e322a477e52353c8ba7adcaa83d2e760752853"
dependencies = [
 "bytes",
]

[[package]]
name = "mqttbytes-standalone-wasm-spike"
version = "0.0.0"
dependencies = [
 "bytes",
 "mqttbytes",
]
